// !$*UTF8*$!
{
	archiveVersion = 1;
	classes = {
	};
	objectVersion = 46;
	objects = {

/* Begin PBXBuildFile section */
		A1ED04221DCBD457004EBB51 /* PaymentsContact.swift in Sources */ = {isa = PBXBuildFile; fileRef = A1F9F0CA1DCBC58500E8A1E1 /* PaymentsContact.swift */; };
		A1ED04231DCBD457004EBB51 /* PaymentsContact.swift in Sources */ = {isa = PBXBuildFile; fileRef = A1F9F0CA1DCBC58500E8A1E1 /* PaymentsContact.swift */; };
		A1F9F0931DCB9C0400E8A1E1 /* AppDelegate.swift in Sources */ = {isa = PBXBuildFile; fileRef = A1F9F0921DCB9C0400E8A1E1 /* AppDelegate.swift */; };
		A1F9F0951DCB9C0400E8A1E1 /* ViewController.swift in Sources */ = {isa = PBXBuildFile; fileRef = A1F9F0941DCB9C0400E8A1E1 /* ViewController.swift */; };
		A1F9F0981DCB9C0400E8A1E1 /* Main.storyboard in Resources */ = {isa = PBXBuildFile; fileRef = A1F9F0961DCB9C0400E8A1E1 /* Main.storyboard */; };
		A1F9F09A1DCB9C0400E8A1E1 /* Assets.xcassets in Resources */ = {isa = PBXBuildFile; fileRef = A1F9F0991DCB9C0400E8A1E1 /* Assets.xcassets */; };
		A1F9F09D1DCB9C0400E8A1E1 /* LaunchScreen.storyboard in Resources */ = {isa = PBXBuildFile; fileRef = A1F9F09B1DCB9C0400E8A1E1 /* LaunchScreen.storyboard */; };
		A1F9F0AC1DCBA0F100E8A1E1 /* IntentHandler.swift in Sources */ = {isa = PBXBuildFile; fileRef = A1F9F0AB1DCBA0F100E8A1E1 /* IntentHandler.swift */; };
		A1F9F0B51DCBA0F100E8A1E1 /* IntentsUI.framework in Frameworks */ = {isa = PBXBuildFile; fileRef = A1F9F0B41DCBA0F100E8A1E1 /* IntentsUI.framework */; };
		A1F9F0B81DCBA0F100E8A1E1 /* IntentViewController.swift in Sources */ = {isa = PBXBuildFile; fileRef = A1F9F0B71DCBA0F100E8A1E1 /* IntentViewController.swift */; };
		A1F9F0BB1DCBA0F100E8A1E1 /* MainInterface.storyboard in Resources */ = {isa = PBXBuildFile; fileRef = A1F9F0B91DCBA0F100E8A1E1 /* MainInterface.storyboard */; };
		A1F9F0BF1DCBA0F100E8A1E1 /* SiriExtensionDemoUI.appex in Embed App Extensions */ = {isa = PBXBuildFile; fileRef = A1F9F0B21DCBA0F100E8A1E1 /* SiriExtensionDemoUI.appex */; settings = {ATTRIBUTES = (RemoveHeadersOnCopy, ); }; };
		A1F9F0C21DCBA0F100E8A1E1 /* SiriExtensionDemo.appex in Embed App Extensions */ = {isa = PBXBuildFile; fileRef = A1F9F0A91DCBA0F100E8A1E1 /* SiriExtensionDemo.appex */; settings = {ATTRIBUTES = (RemoveHeadersOnCopy, ); }; };
		A1F9F0CB1DCBC58500E8A1E1 /* PaymentsContact.swift in Sources */ = {isa = PBXBuildFile; fileRef = A1F9F0CA1DCBC58500E8A1E1 /* PaymentsContact.swift */; };
		A1F9F0CD1DCBC77300E8A1E1 /* SendPaymentIntentHandler.swift in Sources */ = {isa = PBXBuildFile; fileRef = A1F9F0CC1DCBC77300E8A1E1 /* SendPaymentIntentHandler.swift */; };
/* End PBXBuildFile section */

/* Begin PBXContainerItemProxy section */
		A1F9F0BD1DCBA0F100E8A1E1 /* PBXContainerItemProxy */ = {
			isa = PBXContainerItemProxy;
			containerPortal = A1F9F0871DCB9C0300E8A1E1 /* Project object */;
			proxyType = 1;
			remoteGlobalIDString = A1F9F0B11DCBA0F100E8A1E1;
			remoteInfo = SiriExtensionDemoUI;
		};
		A1F9F0C01DCBA0F100E8A1E1 /* PBXContainerItemProxy */ = {
			isa = PBXContainerItemProxy;
			containerPortal = A1F9F0871DCB9C0300E8A1E1 /* Project object */;
			proxyType = 1;
			remoteGlobalIDString = A1F9F0A81DCBA0F100E8A1E1;
			remoteInfo = SiriExtensionDemo;
		};
/* End PBXContainerItemProxy section */

/* Begin PBXCopyFilesBuildPhase section */
		A1F9F0C91DCBA0F100E8A1E1 /* Embed App Extensions */ = {
			isa = PBXCopyFilesBuildPhase;
			buildActionMask = 2147483647;
			dstPath = "";
			dstSubfolderSpec = 13;
			files = (
				A1F9F0C21DCBA0F100E8A1E1 /* SiriExtensionDemo.appex in Embed App Extensions */,
				A1F9F0BF1DCBA0F100E8A1E1 /* SiriExtensionDemoUI.appex in Embed App Extensions */,
			);
			name = "Embed App Extensions";
			runOnlyForDeploymentPostprocessing = 0;
		};
/* End PBXCopyFilesBuildPhase section */

/* Begin PBXFileReference section */
		A1F9F08F1DCB9C0400E8A1E1 /* SiriKitDemo.app */ = {isa = PBXFileReference; explicitFileType = wrapper.application; includeInIndex = 0; path = SiriKitDemo.app; sourceTree = BUILT_PRODUCTS_DIR; };
		A1F9F0921DCB9C0400E8A1E1 /* AppDelegate.swift */ = {isa = PBXFileReference; lastKnownFileType = sourcecode.swift; path = AppDelegate.swift; sourceTree = "<group>"; };
		A1F9F0941DCB9C0400E8A1E1 /* ViewController.swift */ = {isa = PBXFileReference; lastKnownFileType = sourcecode.swift; path = ViewController.swift; sourceTree = "<group>"; };
		A1F9F0971DCB9C0400E8A1E1 /* Base */ = {isa = PBXFileReference; lastKnownFileType = file.storyboard; name = Base; path = Base.lproj/Main.storyboard; sourceTree = "<group>"; };
		A1F9F0991DCB9C0400E8A1E1 /* Assets.xcassets */ = {isa = PBXFileReference; lastKnownFileType = folder.assetcatalog; path = Assets.xcassets; sourceTree = "<group>"; };
		A1F9F09C1DCB9C0400E8A1E1 /* Base */ = {isa = PBXFileReference; lastKnownFileType = file.storyboard; name = Base; path = Base.lproj/LaunchScreen.storyboard; sourceTree = "<group>"; };
		A1F9F09E1DCB9C0400E8A1E1 /* Info.plist */ = {isa = PBXFileReference; lastKnownFileType = text.plist.xml; path = Info.plist; sourceTree = "<group>"; };
		A1F9F0A41DCB9C0B00E8A1E1 /* SiriKitDemo.entitlements */ = {isa = PBXFileReference; lastKnownFileType = text.plist.entitlements; path = SiriKitDemo.entitlements; sourceTree = "<group>"; };
		A1F9F0A91DCBA0F100E8A1E1 /* SiriExtensionDemo.appex */ = {isa = PBXFileReference; explicitFileType = "wrapper.app-extension"; includeInIndex = 0; path = SiriExtensionDemo.appex; sourceTree = BUILT_PRODUCTS_DIR; };
		A1F9F0AB1DCBA0F100E8A1E1 /* IntentHandler.swift */ = {isa = PBXFileReference; lastKnownFileType = sourcecode.swift; path = IntentHandler.swift; sourceTree = "<group>"; };
		A1F9F0AD1DCBA0F100E8A1E1 /* Info.plist */ = {isa = PBXFileReference; lastKnownFileType = text.plist.xml; path = Info.plist; sourceTree = "<group>"; };
		A1F9F0B21DCBA0F100E8A1E1 /* SiriExtensionDemoUI.appex */ = {isa = PBXFileReference; explicitFileType = "wrapper.app-extension"; includeInIndex = 0; path = SiriExtensionDemoUI.appex; sourceTree = BUILT_PRODUCTS_DIR; };
		A1F9F0B41DCBA0F100E8A1E1 /* IntentsUI.framework */ = {isa = PBXFileReference; lastKnownFileType = wrapper.framework; name = IntentsUI.framework; path = System/Library/Frameworks/IntentsUI.framework; sourceTree = SDKROOT; };
		A1F9F0B71DCBA0F100E8A1E1 /* IntentViewController.swift */ = {isa = PBXFileReference; lastKnownFileType = sourcecode.swift; path = IntentViewController.swift; sourceTree = "<group>"; };
		A1F9F0BA1DCBA0F100E8A1E1 /* Base */ = {isa = PBXFileReference; lastKnownFileType = file.storyboard; name = Base; path = Base.lproj/MainInterface.storyboard; sourceTree = "<group>"; };
		A1F9F0BC1DCBA0F100E8A1E1 /* Info.plist */ = {isa = PBXFileReference; lastKnownFileType = text.plist.xml; path = Info.plist; sourceTree = "<group>"; };
		A1F9F0CA1DCBC58500E8A1E1 /* PaymentsContact.swift */ = {isa = PBXFileReference; fileEncoding = 4; lastKnownFileType = sourcecode.swift; path = PaymentsContact.swift; sourceTree = "<group>"; };
		A1F9F0CC1DCBC77300E8A1E1 /* SendPaymentIntentHandler.swift */ = {isa = PBXFileReference; fileEncoding = 4; lastKnownFileType = sourcecode.swift; path = SendPaymentIntentHandler.swift; sourceTree = "<group>"; };
/* End PBXFileReference section */

/* Begin PBXFrameworksBuildPhase section */
		A1F9F08C1DCB9C0300E8A1E1 /* Frameworks */ = {
			isa = PBXFrameworksBuildPhase;
			buildActionMask = 2147483647;
			files = (
			);
			runOnlyForDeploymentPostprocessing = 0;
		};
		A1F9F0A61DCBA0F100E8A1E1 /* Frameworks */ = {
			isa = PBXFrameworksBuildPhase;
			buildActionMask = 2147483647;
			files = (
			);
			runOnlyForDeploymentPostprocessing = 0;
		};
		A1F9F0AF1DCBA0F100E8A1E1 /* Frameworks */ = {
			isa = PBXFrameworksBuildPhase;
			buildActionMask = 2147483647;
			files = (
				A1F9F0B51DCBA0F100E8A1E1 /* IntentsUI.framework in Frameworks */,
			);
			runOnlyForDeploymentPostprocessing = 0;
		};
/* End PBXFrameworksBuildPhase section */

/* Begin PBXGroup section */
		A1F9F0861DCB9C0300E8A1E1 = {
			isa = PBXGroup;
			children = (
				A1F9F0911DCB9C0400E8A1E1 /* SiriKitDemo */,
				A1F9F0AA1DCBA0F100E8A1E1 /* SiriExtensionDemo */,
				A1F9F0B61DCBA0F100E8A1E1 /* SiriExtensionDemoUI */,
				A1F9F0B31DCBA0F100E8A1E1 /* Frameworks */,
				A1F9F0901DCB9C0400E8A1E1 /* Products */,
			);
			sourceTree = "<group>";
		};
		A1F9F0901DCB9C0400E8A1E1 /* Products */ = {
			isa = PBXGroup;
			children = (
				A1F9F08F1DCB9C0400E8A1E1 /* SiriKitDemo.app */,
				A1F9F0A91DCBA0F100E8A1E1 /* SiriExtensionDemo.appex */,
				A1F9F0B21DCBA0F100E8A1E1 /* SiriExtensionDemoUI.appex */,
			);
			name = Products;
			sourceTree = "<group>";
		};
		A1F9F0911DCB9C0400E8A1E1 /* SiriKitDemo */ = {
			isa = PBXGroup;
			children = (
				A1F9F0A41DCB9C0B00E8A1E1 /* SiriKitDemo.entitlements */,
				A1F9F0921DCB9C0400E8A1E1 /* AppDelegate.swift */,
				A1F9F0941DCB9C0400E8A1E1 /* ViewController.swift */,
				A1F9F0CA1DCBC58500E8A1E1 /* PaymentsContact.swift */,
				A1F9F0961DCB9C0400E8A1E1 /* Main.storyboard */,
				A1F9F0991DCB9C0400E8A1E1 /* Assets.xcassets */,
				A1F9F09B1DCB9C0400E8A1E1 /* LaunchScreen.storyboard */,
				A1F9F09E1DCB9C0400E8A1E1 /* Info.plist */,
			);
			path = SiriKitDemo;
			sourceTree = "<group>";
		};
		A1F9F0AA1DCBA0F100E8A1E1 /* SiriExtensionDemo */ = {
			isa = PBXGroup;
			children = (
				A1F9F0AB1DCBA0F100E8A1E1 /* IntentHandler.swift */,
				A1F9F0CC1DCBC77300E8A1E1 /* SendPaymentIntentHandler.swift */,
				A1F9F0AD1DCBA0F100E8A1E1 /* Info.plist */,
			);
			path = SiriExtensionDemo;
			sourceTree = "<group>";
		};
		A1F9F0B31DCBA0F100E8A1E1 /* Frameworks */ = {
			isa = PBXGroup;
			children = (
				A1F9F0B41DCBA0F100E8A1E1 /* IntentsUI.framework */,
			);
			name = Frameworks;
			sourceTree = "<group>";
		};
		A1F9F0B61DCBA0F100E8A1E1 /* SiriExtensionDemoUI */ = {
			isa = PBXGroup;
			children = (
				A1F9F0B71DCBA0F100E8A1E1 /* IntentViewController.swift */,
				A1F9F0B91DCBA0F100E8A1E1 /* MainInterface.storyboard */,
				A1F9F0BC1DCBA0F100E8A1E1 /* Info.plist */,
			);
			path = SiriExtensionDemoUI;
			sourceTree = "<group>";
		};
/* End PBXGroup section */

/* Begin PBXNativeTarget section */
		A1F9F08E1DCB9C0300E8A1E1 /* SiriKitDemo */ = {
			isa = PBXNativeTarget;
			buildConfigurationList = A1F9F0A11DCB9C0400E8A1E1 /* Build configuration list for PBXNativeTarget "SiriKitDemo" */;
			buildPhases = (
				A1F9F08B1DCB9C0300E8A1E1 /* Sources */,
				A1F9F08C1DCB9C0300E8A1E1 /* Frameworks */,
				A1F9F08D1DCB9C0300E8A1E1 /* Resources */,
				A1F9F0C91DCBA0F100E8A1E1 /* Embed App Extensions */,
			);
			buildRules = (
			);
			dependencies = (
				A1F9F0BE1DCBA0F100E8A1E1 /* PBXTargetDependency */,
				A1F9F0C11DCBA0F100E8A1E1 /* PBXTargetDependency */,
			);
			name = SiriKitDemo;
			productName = SiriKitDemo;
			productReference = A1F9F08F1DCB9C0400E8A1E1 /* SiriKitDemo.app */;
			productType = "com.apple.product-type.application";
		};
		A1F9F0A81DCBA0F100E8A1E1 /* SiriExtensionDemo */ = {
			isa = PBXNativeTarget;
			buildConfigurationList = A1F9F0C61DCBA0F100E8A1E1 /* Build configuration list for PBXNativeTarget "SiriExtensionDemo" */;
			buildPhases = (
				A1F9F0A51DCBA0F100E8A1E1 /* Sources */,
				A1F9F0A61DCBA0F100E8A1E1 /* Frameworks */,
				A1F9F0A71DCBA0F100E8A1E1 /* Resources */,
			);
			buildRules = (
			);
			dependencies = (
			);
			name = SiriExtensionDemo;
			productName = SiriExtensionDemo;
			productReference = A1F9F0A91DCBA0F100E8A1E1 /* SiriExtensionDemo.appex */;
			productType = "com.apple.product-type.app-extension";
		};
		A1F9F0B11DCBA0F100E8A1E1 /* SiriExtensionDemoUI */ = {
			isa = PBXNativeTarget;
			buildConfigurationList = A1F9F0C31DCBA0F100E8A1E1 /* Build configuration list for PBXNativeTarget "SiriExtensionDemoUI" */;
			buildPhases = (
				A1F9F0AE1DCBA0F100E8A1E1 /* Sources */,
				A1F9F0AF1DCBA0F100E8A1E1 /* Frameworks */,
				A1F9F0B01DCBA0F100E8A1E1 /* Resources */,
			);
			buildRules = (
			);
			dependencies = (
			);
			name = SiriExtensionDemoUI;
			productName = SiriExtensionDemoUI;
			productReference = A1F9F0B21DCBA0F100E8A1E1 /* SiriExtensionDemoUI.appex */;
			productType = "com.apple.product-type.app-extension";
		};
/* End PBXNativeTarget section */

/* Begin PBXProject section */
		A1F9F0871DCB9C0300E8A1E1 /* Project object */ = {
			isa = PBXProject;
			attributes = {
				LastSwiftUpdateCheck = 0800;
				LastUpgradeCheck = 0800;
				ORGANIZATIONNAME = "WhyQ Tech";
				TargetAttributes = {
					A1F9F08E1DCB9C0300E8A1E1 = {
						CreatedOnToolsVersion = 8.0;
						DevelopmentTeam = 4RQ5BSF882;
						ProvisioningStyle = Automatic;
						SystemCapabilities = {
							com.apple.Siri = {
								enabled = 1;
							};
						};
					};
					A1F9F0A81DCBA0F100E8A1E1 = {
						CreatedOnToolsVersion = 8.0;
						DevelopmentTeam = 4RQ5BSF882;
						ProvisioningStyle = Automatic;
					};
					A1F9F0B11DCBA0F100E8A1E1 = {
						CreatedOnToolsVersion = 8.0;
						DevelopmentTeam = 4RQ5BSF882;
						ProvisioningStyle = Automatic;
					};
				};
			};
			buildConfigurationList = A1F9F08A1DCB9C0300E8A1E1 /* Build configuration list for PBXProject "SiriKitDemo" */;
			compatibilityVersion = "Xcode 3.2";
			developmentRegion = English;
			hasScannedForEncodings = 0;
			knownRegions = (
				en,
				Base,
			);
			mainGroup = A1F9F0861DCB9C0300E8A1E1;
			productRefGroup = A1F9F0901DCB9C0400E8A1E1 /* Products */;
			projectDirPath = "";
			projectRoot = "";
			targets = (
				A1F9F08E1DCB9C0300E8A1E1 /* SiriKitDemo */,
				A1F9F0A81DCBA0F100E8A1E1 /* SiriExtensionDemo */,
				A1F9F0B11DCBA0F100E8A1E1 /* SiriExtensionDemoUI */,
			);
		};
/* End PBXProject section */

/* Begin PBXResourcesBuildPhase section */
		A1F9F08D1DCB9C0300E8A1E1 /* Resources */ = {
			isa = PBXResourcesBuildPhase;
			buildActionMask = 2147483647;
			files = (
				A1F9F09D1DCB9C0400E8A1E1 /* LaunchScreen.storyboard in Resources */,
				A1F9F09A1DCB9C0400E8A1E1 /* Assets.xcassets in Resources */,
				A1F9F0981DCB9C0400E8A1E1 /* Main.storyboard in Resources */,
			);
			runOnlyForDeploymentPostprocessing = 0;
		};
		A1F9F0A71DCBA0F100E8A1E1 /* Resources */ = {
			isa = PBXResourcesBuildPhase;
			buildActionMask = 2147483647;
			files = (
			);
			runOnlyForDeploymentPostprocessing = 0;
		};
		A1F9F0B01DCBA0F100E8A1E1 /* Resources */ = {
			isa = PBXResourcesBuildPhase;
			buildActionMask = 2147483647;
			files = (
				A1F9F0BB1DCBA0F100E8A1E1 /* MainInterface.storyboard in Resources */,
			);
			runOnlyForDeploymentPostprocessing = 0;
		};
/* End PBXResourcesBuildPhase section */

/* Begin PBXSourcesBuildPhase section */
		A1F9F08B1DCB9C0300E8A1E1 /* Sources */ = {
			isa = PBXSourcesBuildPhase;
			buildActionMask = 2147483647;
			files = (
				A1F9F0CB1DCBC58500E8A1E1 /* PaymentsContact.swift in Sources */,
				A1F9F0951DCB9C0400E8A1E1 /* ViewController.swift in Sources */,
				A1F9F0931DCB9C0400E8A1E1 /* AppDelegate.swift in Sources */,
			);
			runOnlyForDeploymentPostprocessing = 0;
		};
		A1F9F0A51DCBA0F100E8A1E1 /* Sources */ = {
			isa = PBXSourcesBuildPhase;
			buildActionMask = 2147483647;
			files = (
				A1F9F0AC1DCBA0F100E8A1E1 /* IntentHandler.swift in Sources */,
				A1F9F0CD1DCBC77300E8A1E1 /* SendPaymentIntentHandler.swift in Sources */,
				A1ED04221DCBD457004EBB51 /* PaymentsContact.swift in Sources */,
			);
			runOnlyForDeploymentPostprocessing = 0;
		};
		A1F9F0AE1DCBA0F100E8A1E1 /* Sources */ = {
			isa = PBXSourcesBuildPhase;
			buildActionMask = 2147483647;
			files = (
				A1F9F0B81DCBA0F100E8A1E1 /* IntentViewController.swift in Sources */,
				A1ED04231DCBD457004EBB51 /* PaymentsContact.swift in Sources */,
			);
			runOnlyForDeploymentPostprocessing = 0;
		};
/* End PBXSourcesBuildPhase section */

/* Begin PBXTargetDependency section */
		A1F9F0BE1DCBA0F100E8A1E1 /* PBXTargetDependency */ = {
			isa = PBXTargetDependency;
			target = A1F9F0B11DCBA0F100E8A1E1 /* SiriExtensionDemoUI */;
			targetProxy = A1F9F0BD1DCBA0F100E8A1E1 /* PBXContainerItemProxy */;
		};
		A1F9F0C11DCBA0F100E8A1E1 /* PBXTargetDependency */ = {
			isa = PBXTargetDependency;
			target = A1F9F0A81DCBA0F100E8A1E1 /* SiriExtensionDemo */;
			targetProxy = A1F9F0C01DCBA0F100E8A1E1 /* PBXContainerItemProxy */;
		};
/* End PBXTargetDependency section */

/* Begin PBXVariantGroup section */
		A1F9F0961DCB9C0400E8A1E1 /* Main.storyboard */ = {
			isa = PBXVariantGroup;
			children = (
				A1F9F0971DCB9C0400E8A1E1 /* Base */,
			);
			name = Main.storyboard;
			sourceTree = "<group>";
		};
		A1F9F09B1DCB9C0400E8A1E1 /* LaunchScreen.storyboard */ = {
			isa = PBXVariantGroup;
			children = (
				A1F9F09C1DCB9C0400E8A1E1 /* Base */,
			);
			name = LaunchScreen.storyboard;
			sourceTree = "<group>";
		};
		A1F9F0B91DCBA0F100E8A1E1 /* MainInterface.storyboard */ = {
			isa = PBXVariantGroup;
			children = (
				A1F9F0BA1DCBA0F100E8A1E1 /* Base */,
			);
			name = MainInterface.storyboard;
			sourceTree = "<group>";
		};
/* End PBXVariantGroup section */

/* Begin XCBuildConfiguration section */
		A1F9F09F1DCB9C0400E8A1E1 /* Debug */ = {
			isa = XCBuildConfiguration;
			buildSettings = {
				ALWAYS_SEARCH_USER_PATHS = NO;
				CLANG_ANALYZER_NONNULL = YES;
				CLANG_CXX_LANGUAGE_STANDARD = "gnu++0x";
				CLANG_CXX_LIBRARY = "libc++";
				CLANG_ENABLE_MODULES = YES;
				CLANG_ENABLE_OBJC_ARC = YES;
				CLANG_WARN_BOOL_CONVERSION = YES;
				CLANG_WARN_CONSTANT_CONVERSION = YES;
				CLANG_WARN_DIRECT_OBJC_ISA_USAGE = YES_ERROR;
				CLANG_WARN_DOCUMENTATION_COMMENTS = YES;
				CLANG_WARN_EMPTY_BODY = YES;
				CLANG_WARN_ENUM_CONVERSION = YES;
				CLANG_WARN_INFINITE_RECURSION = YES;
				CLANG_WARN_INT_CONVERSION = YES;
				CLANG_WARN_OBJC_ROOT_CLASS = YES_ERROR;
				CLANG_WARN_SUSPICIOUS_MOVES = YES;
				CLANG_WARN_UNREACHABLE_CODE = YES;
				CLANG_WARN__DUPLICATE_METHOD_MATCH = YES;
				"CODE_SIGN_IDENTITY[sdk=iphoneos*]" = "iPhone Developer";
				COPY_PHASE_STRIP = NO;
				DEBUG_INFORMATION_FORMAT = dwarf;
				ENABLE_STRICT_OBJC_MSGSEND = YES;
				ENABLE_TESTABILITY = YES;
				GCC_C_LANGUAGE_STANDARD = gnu99;
				GCC_DYNAMIC_NO_PIC = NO;
				GCC_NO_COMMON_BLOCKS = YES;
				GCC_OPTIMIZATION_LEVEL = 0;
				GCC_PREPROCESSOR_DEFINITIONS = (
					"DEBUG=1",
					"$(inherited)",
				);
				GCC_WARN_64_TO_32_BIT_CONVERSION = YES;
				GCC_WARN_ABOUT_RETURN_TYPE = YES_ERROR;
				GCC_WARN_UNDECLARED_SELECTOR = YES;
				GCC_WARN_UNINITIALIZED_AUTOS = YES_AGGRESSIVE;
				GCC_WARN_UNUSED_FUNCTION = YES;
				GCC_WARN_UNUSED_VARIABLE = YES;
				IPHONEOS_DEPLOYMENT_TARGET = 10.0;
				MTL_ENABLE_DEBUG_INFO = YES;
				ONLY_ACTIVE_ARCH = YES;
				SDKROOT = iphoneos;
				SWIFT_ACTIVE_COMPILATION_CONDITIONS = DEBUG;
				SWIFT_OPTIMIZATION_LEVEL = "-Onone";
				TARGETED_DEVICE_FAMILY = "1,2";
			};
			name = Debug;
		};
		A1F9F0A01DCB9C0400E8A1E1 /* Release */ = {
			isa = XCBuildConfiguration;
			buildSettings = {
				ALWAYS_SEARCH_USER_PATHS = NO;
				CLANG_ANALYZER_NONNULL = YES;
				CLANG_CXX_LANGUAGE_STANDARD = "gnu++0x";
				CLANG_CXX_LIBRARY = "libc++";
				CLANG_ENABLE_MODULES = YES;
				CLANG_ENABLE_OBJC_ARC = YES;
				CLANG_WARN_BOOL_CONVERSION = YES;
				CLANG_WARN_CONSTANT_CONVERSION = YES;
				CLANG_WARN_DIRECT_OBJC_ISA_USAGE = YES_ERROR;
				CLANG_WARN_DOCUMENTATION_COMMENTS = YES;
				CLANG_WARN_EMPTY_BODY = YES;
				CLANG_WARN_ENUM_CONVERSION = YES;
				CLANG_WARN_INFINITE_RECURSION = YES;
				CLANG_WARN_INT_CONVERSION = YES;
				CLANG_WARN_OBJC_ROOT_CLASS = YES_ERROR;
				CLANG_WARN_SUSPICIOUS_MOVES = YES;
				CLANG_WARN_UNREACHABLE_CODE = YES;
				CLANG_WARN__DUPLICATE_METHOD_MATCH = YES;
				"CODE_SIGN_IDENTITY[sdk=iphoneos*]" = "iPhone Developer";
				COPY_PHASE_STRIP = NO;
				DEBUG_INFORMATION_FORMAT = "dwarf-with-dsym";
				ENABLE_NS_ASSERTIONS = NO;
				ENABLE_STRICT_OBJC_MSGSEND = YES;
				GCC_C_LANGUAGE_STANDARD = gnu99;
				GCC_NO_COMMON_BLOCKS = YES;
				GCC_WARN_64_TO_32_BIT_CONVERSION = YES;
				GCC_WARN_ABOUT_RETURN_TYPE = YES_ERROR;
				GCC_WARN_UNDECLARED_SELECTOR = YES;
				GCC_WARN_UNINITIALIZED_AUTOS = YES_AGGRESSIVE;
				GCC_WARN_UNUSED_FUNCTION = YES;
				GCC_WARN_UNUSED_VARIABLE = YES;
				IPHONEOS_DEPLOYMENT_TARGET = 10.0;
				MTL_ENABLE_DEBUG_INFO = NO;
				SDKROOT = iphoneos;
				SWIFT_OPTIMIZATION_LEVEL = "-Owholemodule";
				TARGETED_DEVICE_FAMILY = "1,2";
				VALIDATE_PRODUCT = YES;
			};
			name = Release;
		};
		A1F9F0A21DCB9C0400E8A1E1 /* Debug */ = {
			isa = XCBuildConfiguration;
			buildSettings = {
				ALWAYS_EMBED_SWIFT_STANDARD_LIBRARIES = YES;
				ASSETCATALOG_COMPILER_APPICON_NAME = AppIcon;
				CODE_SIGN_ENTITLEMENTS = SiriKitDemo/SiriKitDemo.entitlements;
				"CODE_SIGN_IDENTITY[sdk=iphoneos*]" = "iPhone Developer";
				DEVELOPMENT_TEAM = 4RQ5BSF882;
				INFOPLIST_FILE = SiriKitDemo/Info.plist;
				LD_RUNPATH_SEARCH_PATHS = "$(inherited) @executable_path/Frameworks";
				PRODUCT_BUNDLE_IDENTIFIER = com.SiriKitDemo.Sheldon;
				PRODUCT_NAME = "$(TARGET_NAME)";
				SWIFT_VERSION = 3.0;
			};
			name = Debug;
		};
		A1F9F0A31DCB9C0400E8A1E1 /* Release */ = {
			isa = XCBuildConfiguration;
			buildSettings = {
				ALWAYS_EMBED_SWIFT_STANDARD_LIBRARIES = YES;
				ASSETCATALOG_COMPILER_APPICON_NAME = AppIcon;
				CODE_SIGN_ENTITLEMENTS = SiriKitDemo/SiriKitDemo.entitlements;
				"CODE_SIGN_IDENTITY[sdk=iphoneos*]" = "iPhone Developer";
				DEVELOPMENT_TEAM = 4RQ5BSF882;
				INFOPLIST_FILE = SiriKitDemo/Info.plist;
				LD_RUNPATH_SEARCH_PATHS = "$(inherited) @executable_path/Frameworks";
				PRODUCT_BUNDLE_IDENTIFIER = com.SiriKitDemo.Sheldon;
				PRODUCT_NAME = "$(TARGET_NAME)";
				SWIFT_VERSION = 3.0;
			};
			name = Release;
		};
		A1F9F0C41DCBA0F100E8A1E1 /* Debug */ = {
			isa = XCBuildConfiguration;
			buildSettings = {
				DEVELOPMENT_TEAM = 4RQ5BSF882;
				INFOPLIST_FILE = SiriExtensionDemoUI/Info.plist;
				LD_RUNPATH_SEARCH_PATHS = "$(inherited) @executable_path/Frameworks @executable_path/../../Frameworks";
				PRODUCT_BUNDLE_IDENTIFIER = com.SiriKitDemo.Sheldon.SiriExtensionDemoUI;
				PRODUCT_NAME = "$(TARGET_NAME)";
				SKIP_INSTALL = YES;
				SWIFT_VERSION = 3.0;
			};
			name = Debug;
		};
		A1F9F0C51DCBA0F100E8A1E1 /* Release */ = {
			isa = XCBuildConfiguration;
			buildSettings = {
				DEVELOPMENT_TEAM = 4RQ5BSF882;
				INFOPLIST_FILE = SiriExtensionDemoUI/Info.plist;
				LD_RUNPATH_SEARCH_PATHS = "$(inherited) @executable_path/Frameworks @executable_path/../../Frameworks";
				PRODUCT_BUNDLE_IDENTIFIER = com.SiriKitDemo.Sheldon.SiriExtensionDemoUI;
				PRODUCT_NAME = "$(TARGET_NAME)";
				SKIP_INSTALL = YES;
				SWIFT_VERSION = 3.0;
			};
			name = Release;
		};
		A1F9F0C71DCBA0F100E8A1E1 /* Debug */ = {
			isa = XCBuildConfiguration;
			buildSettings = {
				DEVELOPMENT_TEAM = 4RQ5BSF882;
				INFOPLIST_FILE = SiriExtensionDemo/Info.plist;
				LD_RUNPATH_SEARCH_PATHS = "$(inherited) @executable_path/Frameworks @executable_path/../../Frameworks";
				PRODUCT_BUNDLE_IDENTIFIER = com.SiriKitDemo.Sheldon.SiriExtensionDemo;
				PRODUCT_NAME = "$(TARGET_NAME)";
				SKIP_INSTALL = YES;
				SWIFT_VERSION = 3.0;
			};
			name = Debug;
		};
		A1F9F0C81DCBA0F100E8A1E1 /* Release */ = {
			isa = XCBuildConfiguration;
			buildSettings = {
				DEVELOPMENT_TEAM = 4RQ5BSF882;
				INFOPLIST_FILE = SiriExtensionDemo/Info.plist;
				LD_RUNPATH_SEARCH_PATHS = "$(inherited) @executable_path/Frameworks @executable_path/../../Frameworks";
				PRODUCT_BUNDLE_IDENTIFIER = com.SiriKitDemo.Sheldon.SiriExtensionDemo;
				PRODUCT_NAME = "$(TARGET_NAME)";
				SKIP_INSTALL = YES;
				SWIFT_VERSION = 3.0;
			};
			name = Release;
		};
/* End XCBuildConfiguration section */

/* Begin XCConfigurationList section */
		A1F9F08A1DCB9C0300E8A1E1 /* Build configuration list for PBXProject "SiriKitDemo" */ = {
			isa = XCConfigurationList;
			buildConfigurations = (
				A1F9F09F1DCB9C0400E8A1E1 /* Debug */,
				A1F9F0A01DCB9C0400E8A1E1 /* Release */,
			);
			defaultConfigurationIsVisible = 0;
			defaultConfigurationName = Release;
		};
		A1F9F0A11DCB9C0400E8A1E1 /* Build configuration list for PBXNativeTarget "SiriKitDemo" */ = {
			isa = XCConfigurationList;
			buildConfigurations = (
				A1F9F0A21DCB9C0400E8A1E1 /* Debug */,
				A1F9F0A31DCB9C0400E8A1E1 /* Release */,
			);
			defaultConfigurationIsVisible = 0;
			defaultConfigurationName = Release;
		};
		A1F9F0C31DCBA0F100E8A1E1 /* Build configuration list for PBXNativeTarget "SiriExtensionDemoUI" */ = {
			isa = XCConfigurationList;
			buildConfigurations = (
				A1F9F0C41DCBA0F100E8A1E1 /* Debug */,
				A1F9F0C51DCBA0F100E8A1E1 /* Release */,
			);
			defaultConfigurationIsVisible = 0;
			defaultConfigurationName = Release;
		};
		A1F9F0C61DCBA0F100E8A1E1 /* Build configuration list for PBXNativeTarget "SiriExtensionDemo" */ = {
			isa = XCConfigurationList;
			buildConfigurations = (
				A1F9F0C71DCBA0F100E8A1E1 /* Debug */,
				A1F9F0C81DCBA0F100E8A1E1 /* Release */,
			);
			defaultConfigurationIsVisible = 0;
			defaultConfigurationName = Release;
		};
/* End XCConfigurationList section */
	};
	rootObject = A1F9F0871DCB9C0300E8A1E1 /* Project object */;
}
